
Microsoft Visual Studio Solution File, Format Version 12.00
Project("{FAE04EC0-301F-11D3-BF4B-00C04F79EFBC}") = "tictactoe", "tictactoe\tictactoe.csproj", "{3E0CD109-4F2C-4684-9CC6-A1396DE8CD7E}"
EndProject
Global
	GlobalSection(SolutionConfigurationPlatforms) = preSolution
		Debug|Any CPU = Debug|Any CPU
		Release|Any CPU = Release|Any CPU
	EndGlobalSection
	GlobalSection(ProjectConfigurationPlatforms) = postSolution
		{3E0CD109-4F2C-4684-9CC6-A1396DE8CD7E}.Debug|Any CPU.ActiveCfg = Debug|Any CPU
		{3E0CD109-4F2C-4684-9CC6-A1396DE8CD7E}.Debug|Any CPU.Build.0 = Debug|Any CPU
		{3E0CD109-4F2C-4684-9CC6-A1396DE8CD7E}.Release|Any CPU.ActiveCfg = Release|Any CPU
		{3E0CD109-4F2C-4684-9CC6-A1396DE8CD7E}.Release|Any CPU.Build.0 = Release|Any CPU
	EndGlobalSection
EndGlobal
